
Microsoft Visual Studio Solution File, Format Version 12.00
# Visual Studio Version 16
VisualStudioVersion = 16.0.29709.97
MinimumVisualStudioVersion = 10.0.40219.1
Project("{FAE04EC0-301F-11D3-BF4B-00C04F79EFBC}") = "ConsoleSudokuSolver", "ConsoleSudokuSolver\ConsoleSudokuSolver.csproj", "{22020DAF-E2D5-428D-AA28-00E4513FC41B}"
EndProject
Global
	GlobalSection(SolutionConfigurationPlatforms) = preSolution
		Debug|Any CPU = Debug|Any CPU
		Release|Any CPU = Release|Any CPU
	EndGlobalSection
	GlobalSection(ProjectConfigurationPlatforms) = postSolution
		{22020DAF-E2D5-428D-AA28-00E4513FC41B}.Debug|Any CPU.ActiveCfg = Debug|Any CPU
		{22020DAF-E2D5-428D-AA28-00E4513FC41B}.Debug|Any CPU.Build.0 = Debug|Any CPU
		{22020DAF-E2D5-428D-AA28-00E4513FC41B}.Release|Any CPU.ActiveCfg = Release|Any CPU
		{22020DAF-E2D5-428D-AA28-00E4513FC41B}.Release|Any CPU.Build.0 = Release|Any CPU
	EndGlobalSection
	GlobalSection(SolutionProperties) = preSolution
		HideSolutionNode = FALSE
	EndGlobalSection
	GlobalSection(ExtensibilityGlobals) = postSolution
		SolutionGuid = {78D1E59E-0F4F-472C-B36F-102A53E72AA5}
	EndGlobalSection
EndGlobal
